
Microsoft Visual Studio Solution File, Format Version 12.00
# Visual Studio Version 17
VisualStudioVersion = 17.14.36414.22 d17.14
MinimumVisualStudioVersion = 10.0.40219.1
Project("{FAE04EC0-301F-11D3-BF4B-00C04F79EFBC}") = "KitchenEquipmentManagement", "KitchenEquipmentManagement\KitchenEquipmentManagement.csproj", "{A56555C4-1EB2-4735-B5E1-30FFF7173108}"
EndProject
Global
	GlobalSection(SolutionConfigurationPlatforms) = preSolution
		Debug|Any CPU = Debug|Any CPU
		Release|Any CPU = Release|Any CPU
	EndGlobalSection
	GlobalSection(ProjectConfigurationPlatforms) = postSolution
		{A56555C4-1EB2-4735-B5E1-30FFF7173108}.Debug|Any CPU.ActiveCfg = Debug|Any CPU
		{A56555C4-1EB2-4735-B5E1-30FFF7173108}.Debug|Any CPU.Build.0 = Debug|Any CPU
		{A56555C4-1EB2-4735-B5E1-30FFF7173108}.Release|Any CPU.ActiveCfg = Release|Any CPU
		{A56555C4-1EB2-4735-B5E1-30FFF7173108}.Release|Any CPU.Build.0 = Release|Any CPU
	EndGlobalSection
	GlobalSection(SolutionProperties) = preSolution
		HideSolutionNode = FALSE
	EndGlobalSection
	GlobalSection(ExtensibilityGlobals) = postSolution
		SolutionGuid = {B82BD702-677C-4AA6-9B0D-D5D6481A7664}
	EndGlobalSection
EndGlobal
